// !$*UTF8*$!
{
	archiveVersion = 1;
	classes = {
	};
	objectVersion = 56;
	objects = {

/* Begin PBXBuildFile section */
		53AB2F6B2B1F1750003B4CF6 /* TheCats Watch App.app in Embed Watch Content */ = {isa = PBXBuildFile; fileRef = 53AB2F6A2B1F1750003B4CF6 /* TheCats Watch App.app */; settings = {ATTRIBUTES = (RemoveHeadersOnCopy, ); }; };
		53AB2F702B1F1750003B4CF6 /* TheCatsApp.swift in Sources */ = {isa = PBXBuildFile; fileRef = 53AB2F6F2B1F1750003B4CF6 /* TheCatsApp.swift */; };
		53AB2F722B1F1750003B4CF6 /* ContentView.swift in Sources */ = {isa = PBXBuildFile; fileRef = 53AB2F712B1F1750003B4CF6 /* ContentView.swift */; };
		53AB2F742B1F1752003B4CF6 /* Assets.xcassets in Resources */ = {isa = PBXBuildFile; fileRef = 53AB2F732B1F1752003B4CF6 /* Assets.xcassets */; };
		53AB2F772B1F1752003B4CF6 /* Preview Assets.xcassets in Resources */ = {isa = PBXBuildFile; fileRef = 53AB2F762B1F1752003B4CF6 /* Preview Assets.xcassets */; };
		53AB2F822B1F1890003B4CF6 /* Cat.swift in Sources */ = {isa = PBXBuildFile; fileRef = 53AB2F812B1F1890003B4CF6 /* Cat.swift */; };
		53AB2F842B1F1950003B4CF6 /* CatViewModel.swift in Sources */ = {isa = PBXBuildFile; fileRef = 53AB2F832B1F1950003B4CF6 /* CatViewModel.swift */; };
		53AB2F862B1F1976003B4CF6 /* Constants.swift in Sources */ = {isa = PBXBuildFile; fileRef = 53AB2F852B1F1976003B4CF6 /* Constants.swift */; };
		53AB2F882B1F1ECD003B4CF6 /* FavoriteCatView.swift in Sources */ = {isa = PBXBuildFile; fileRef = 53AB2F872B1F1ECD003B4CF6 /* FavoriteCatView.swift */; };
/* End PBXBuildFile section */

/* Begin PBXContainerItemProxy section */
		53AB2F6C2B1F1750003B4CF6 /* PBXContainerItemProxy */ = {
			isa = PBXContainerItemProxy;
			containerPortal = 53AB2F5E2B1F174F003B4CF6 /* Project object */;
			proxyType = 1;
			remoteGlobalIDString = 53AB2F692B1F1750003B4CF6;
			remoteInfo = "TheCats Watch App";
		};
/* End PBXContainerItemProxy section */

/* Begin PBXCopyFilesBuildPhase section */
		53AB2F7D2B1F1752003B4CF6 /* Embed Watch Content */ = {
			isa = PBXCopyFilesBuildPhase;
			buildActionMask = 2147483647;
			dstPath = "$(CONTENTS_FOLDER_PATH)/Watch";
			dstSubfolderSpec = 16;
			files = (
				53AB2F6B2B1F1750003B4CF6 /* TheCats Watch App.app in Embed Watch Content */,
			);
			name = "Embed Watch Content";
			runOnlyForDeploymentPostprocessing = 0;
		};
/* End PBXCopyFilesBuildPhase section */

/* Begin PBXFileReference section */
		53AB2F642B1F1750003B4CF6 /* TheCats.app */ = {isa = PBXFileReference; explicitFileType = wrapper.application; includeInIndex = 0; path = TheCats.app; sourceTree = BUILT_PRODUCTS_DIR; };
		53AB2F6A2B1F1750003B4CF6 /* TheCats Watch App.app */ = {isa = PBXFileReference; explicitFileType = wrapper.application; includeInIndex = 0; path = "TheCats Watch App.app"; sourceTree = BUILT_PRODUCTS_DIR; };
		53AB2F6F2B1F1750003B4CF6 /* TheCatsApp.swift */ = {isa = PBXFileReference; lastKnownFileType = sourcecode.swift; path = TheCatsApp.swift; sourceTree = "<group>"; };
		53AB2F712B1F1750003B4CF6 /* ContentView.swift */ = {isa = PBXFileReference; lastKnownFileType = sourcecode.swift; path = ContentView.swift; sourceTree = "<group>"; };
		53AB2F732B1F1752003B4CF6 /* Assets.xcassets */ = {isa = PBXFileReference; lastKnownFileType = folder.assetcatalog; path = Assets.xcassets; sourceTree = "<group>"; };
		53AB2F762B1F1752003B4CF6 /* Preview Assets.xcassets */ = {isa = PBXFileReference; lastKnownFileType = folder.assetcatalog; path = "Preview Assets.xcassets"; sourceTree = "<group>"; };
		53AB2F812B1F1890003B4CF6 /* Cat.swift */ = {isa = PBXFileReference; lastKnownFileType = sourcecode.swift; path = Cat.swift; sourceTree = "<group>"; };
		53AB2F832B1F1950003B4CF6 /* CatViewModel.swift */ = {isa = PBXFileReference; lastKnownFileType = sourcecode.swift; path = CatViewModel.swift; sourceTree = "<group>"; };
		53AB2F852B1F1976003B4CF6 /* Constants.swift */ = {isa = PBXFileReference; lastKnownFileType = sourcecode.swift; path = Constants.swift; sourceTree = "<group>"; };
		53AB2F872B1F1ECD003B4CF6 /* FavoriteCatView.swift */ = {isa = PBXFileReference; lastKnownFileType = sourcecode.swift; path = FavoriteCatView.swift; sourceTree = "<group>"; };
/* End PBXFileReference section */

/* Begin PBXFrameworksBuildPhase section */
		53AB2F672B1F1750003B4CF6 /* Frameworks */ = {
			isa = PBXFrameworksBuildPhase;
			buildActionMask = 2147483647;
			files = (
			);
			runOnlyForDeploymentPostprocessing = 0;
		};
/* End PBXFrameworksBuildPhase section */

/* Begin PBXGroup section */
		53AB2F5D2B1F174F003B4CF6 = {
			isa = PBXGroup;
			children = (
				53AB2F6E2B1F1750003B4CF6 /* TheCats Watch App */,
				53AB2F652B1F1750003B4CF6 /* Products */,
			);
			sourceTree = "<group>";
		};
		53AB2F652B1F1750003B4CF6 /* Products */ = {
			isa = PBXGroup;
			children = (
				53AB2F642B1F1750003B4CF6 /* TheCats.app */,
				53AB2F6A2B1F1750003B4CF6 /* TheCats Watch App.app */,
			);
			name = Products;
			sourceTree = "<group>";
		};
		53AB2F6E2B1F1750003B4CF6 /* TheCats Watch App */ = {
			isa = PBXGroup;
			children = (
				53AB2F6F2B1F1750003B4CF6 /* TheCatsApp.swift */,
				53AB2F852B1F1976003B4CF6 /* Constants.swift */,
				53AB2F812B1F1890003B4CF6 /* Cat.swift */,
				53AB2F832B1F1950003B4CF6 /* CatViewModel.swift */,
				53AB2F872B1F1ECD003B4CF6 /* FavoriteCatView.swift */,
				53AB2F712B1F1750003B4CF6 /* ContentView.swift */,
				53AB2F732B1F1752003B4CF6 /* Assets.xcassets */,
				53AB2F752B1F1752003B4CF6 /* Preview Content */,
			);
			path = "TheCats Watch App";
			sourceTree = "<group>";
		};
		53AB2F752B1F1752003B4CF6 /* Preview Content */ = {
			isa = PBXGroup;
			children = (
				53AB2F762B1F1752003B4CF6 /* Preview Assets.xcassets */,
			);
			path = "Preview Content";
			sourceTree = "<group>";
		};
/* End PBXGroup section */

/* Begin PBXNativeTarget section */
		53AB2F632B1F1750003B4CF6 /* TheCats */ = {
			isa = PBXNativeTarget;
			buildConfigurationList = 53AB2F7E2B1F1752003B4CF6 /* Build configuration list for PBXNativeTarget "TheCats" */;
			buildPhases = (
				53AB2F622B1F1750003B4CF6 /* Resources */,
				53AB2F7D2B1F1752003B4CF6 /* Embed Watch Content */,
			);
			buildRules = (
			);
			dependencies = (
				53AB2F6D2B1F1750003B4CF6 /* PBXTargetDependency */,
			);
			name = TheCats;
			productName = TheCats;
			productReference = 53AB2F642B1F1750003B4CF6 /* TheCats.app */;
			productType = "com.apple.product-type.application.watchapp2-container";
		};
		53AB2F692B1F1750003B4CF6 /* TheCats Watch App */ = {
			isa = PBXNativeTarget;
			buildConfigurationList = 53AB2F7A2B1F1752003B4CF6 /* Build configuration list for PBXNativeTarget "TheCats Watch App" */;
			buildPhases = (
				53AB2F662B1F1750003B4CF6 /* Sources */,
				53AB2F672B1F1750003B4CF6 /* Frameworks */,
				53AB2F682B1F1750003B4CF6 /* Resources */,
			);
			buildRules = (
			);
			dependencies = (
			);
			name = "TheCats Watch App";
			productName = "TheCats Watch App";
			productReference = 53AB2F6A2B1F1750003B4CF6 /* TheCats Watch App.app */;
			productType = "com.apple.product-type.application";
		};
/* End PBXNativeTarget section */

/* Begin PBXProject section */
		53AB2F5E2B1F174F003B4CF6 /* Project object */ = {
			isa = PBXProject;
			attributes = {
				BuildIndependentTargetsInParallel = 1;
				LastSwiftUpdateCheck = 1500;
				LastUpgradeCheck = 1500;
				TargetAttributes = {
					53AB2F632B1F1750003B4CF6 = {
						CreatedOnToolsVersion = 15.0.1;
					};
					53AB2F692B1F1750003B4CF6 = {
						CreatedOnToolsVersion = 15.0.1;
					};
				};
			};
			buildConfigurationList = 53AB2F612B1F174F003B4CF6 /* Build configuration list for PBXProject "TheCats" */;
			compatibilityVersion = "Xcode 14.0";
			developmentRegion = en;
			hasScannedForEncodings = 0;
			knownRegions = (
				en,
				Base,
			);
			mainGroup = 53AB2F5D2B1F174F003B4CF6;
			productRefGroup = 53AB2F652B1F1750003B4CF6 /* Products */;
			projectDirPath = "";
			projectRoot = "";
			targets = (
				53AB2F632B1F1750003B4CF6 /* TheCats */,
				53AB2F692B1F1750003B4CF6 /* TheCats Watch App */,
			);
		};
/* End PBXProject section */

/* Begin PBXResourcesBuildPhase section */
		53AB2F622B1F1750003B4CF6 /* Resources */ = {
			isa = PBXResourcesBuildPhase;
			buildActionMask = 2147483647;
			files = (
			);
			runOnlyForDeploymentPostprocessing = 0;
		};
		53AB2F682B1F1750003B4CF6 /* Resources */ = {
			isa = PBXResourcesBuildPhase;
			buildActionMask = 2147483647;
			files = (
				53AB2F772B1F1752003B4CF6 /* Preview Assets.xcassets in Resources */,
				53AB2F742B1F1752003B4CF6 /* Assets.xcassets in Resources */,
			);
			runOnlyForDeploymentPostprocessing = 0;
		};
/* End PBXResourcesBuildPhase section */

/* Begin PBXSourcesBuildPhase section */
		53AB2F662B1F1750003B4CF6 /* Sources */ = {
			isa = PBXSourcesBuildPhase;
			buildActionMask = 2147483647;
			files = (
				53AB2F862B1F1976003B4CF6 /* Constants.swift in Sources */,
				53AB2F722B1F1750003B4CF6 /* ContentView.swift in Sources */,
				53AB2F842B1F1950003B4CF6 /* CatViewModel.swift in Sources */,
				53AB2F702B1F1750003B4CF6 /* TheCatsApp.swift in Sources */,
				53AB2F822B1F1890003B4CF6 /* Cat.swift in Sources */,
				53AB2F882B1F1ECD003B4CF6 /* FavoriteCatView.swift in Sources */,
			);
			runOnlyForDeploymentPostprocessing = 0;
		};
/* End PBXSourcesBuildPhase section */

/* Begin PBXTargetDependency section */
		53AB2F6D2B1F1750003B4CF6 /* PBXTargetDependency */ = {
			isa = PBXTargetDependency;
			target = 53AB2F692B1F1750003B4CF6 /* TheCats Watch App */;
			targetProxy = 53AB2F6C2B1F1750003B4CF6 /* PBXContainerItemProxy */;
		};
/* End PBXTargetDependency section */

/* Begin XCBuildConfiguration section */
		53AB2F782B1F1752003B4CF6 /* Debug */ = {
			isa = XCBuildConfiguration;
			buildSettings = {
				ALWAYS_SEARCH_USER_PATHS = NO;
				ASSETCATALOG_COMPILER_GENERATE_SWIFT_ASSET_SYMBOL_EXTENSIONS = YES;
				CLANG_ANALYZER_NONNULL = YES;
				CLANG_ANALYZER_NUMBER_OBJECT_CONVERSION = YES_AGGRESSIVE;
				CLANG_CXX_LANGUAGE_STANDARD = "gnu++20";
				CLANG_ENABLE_MODULES = YES;
				CLANG_ENABLE_OBJC_ARC = YES;
				CLANG_ENABLE_OBJC_WEAK = YES;
				CLANG_WARN_BLOCK_CAPTURE_AUTORELEASING = YES;
				CLANG_WARN_BOOL_CONVERSION = YES;
				CLANG_WARN_COMMA = YES;
				CLANG_WARN_CONSTANT_CONVERSION = YES;
				CLANG_WARN_DEPRECATED_OBJC_IMPLEMENTATIONS = YES;
				CLANG_WARN_DIRECT_OBJC_ISA_USAGE = YES_ERROR;
				CLANG_WARN_DOCUMENTATION_COMMENTS = YES;
				CLANG_WARN_EMPTY_BODY = YES;
				CLANG_WARN_ENUM_CONVERSION = YES;
				CLANG_WARN_INFINITE_RECURSION = YES;
				CLANG_WARN_INT_CONVERSION = YES;
				CLANG_WARN_NON_LITERAL_NULL_CONVERSION = YES;
				CLANG_WARN_OBJC_IMPLICIT_RETAIN_SELF = YES;
				CLANG_WARN_OBJC_LITERAL_CONVERSION = YES;
				CLANG_WARN_OBJC_ROOT_CLASS = YES_ERROR;
				CLANG_WARN_QUOTED_INCLUDE_IN_FRAMEWORK_HEADER = YES;
				CLANG_WARN_RANGE_LOOP_ANALYSIS = YES;
				CLANG_WARN_STRICT_PROTOTYPES = YES;
				CLANG_WARN_SUSPICIOUS_MOVE = YES;
				CLANG_WARN_UNGUARDED_AVAILABILITY = YES_AGGRESSIVE;
				CLANG_WARN_UNREACHABLE_CODE = YES;
				CLANG_WARN__DUPLICATE_METHOD_MATCH = YES;
				COPY_PHASE_STRIP = NO;
				DEBUG_INFORMATION_FORMAT = dwarf;
				ENABLE_STRICT_OBJC_MSGSEND = YES;
				ENABLE_TESTABILITY = YES;
				ENABLE_USER_SCRIPT_SANDBOXING = YES;
				GCC_C_LANGUAGE_STANDARD = gnu17;
				GCC_DYNAMIC_NO_PIC = NO;
				GCC_NO_COMMON_BLOCKS = YES;
				GCC_OPTIMIZATION_LEVEL = 0;
				GCC_PREPROCESSOR_DEFINITIONS = (
					"DEBUG=1",
					"$(inherited)",
				);
				GCC_WARN_64_TO_32_BIT_CONVERSION = YES;
				GCC_WARN_ABOUT_RETURN_TYPE = YES_ERROR;
				GCC_WARN_UNDECLARED_SELECTOR = YES;
				GCC_WARN_UNINITIALIZED_AUTOS = YES_AGGRESSIVE;
				GCC_WARN_UNUSED_FUNCTION = YES;
				GCC_WARN_UNUSED_VARIABLE = YES;
				LOCALIZATION_PREFERS_STRING_CATALOGS = YES;
				MTL_ENABLE_DEBUG_INFO = INCLUDE_SOURCE;
				MTL_FAST_MATH = YES;
				ONLY_ACTIVE_ARCH = YES;
				SWIFT_ACTIVE_COMPILATION_CONDITIONS = "DEBUG $(inherited)";
				SWIFT_OPTIMIZATION_LEVEL = "-Onone";
			};
			name = Debug;
		};
		53AB2F792B1F1752003B4CF6 /* Release */ = {
			isa = XCBuildConfiguration;
			buildSettings = {
				ALWAYS_SEARCH_USER_PATHS = NO;
				ASSETCATALOG_COMPILER_GENERATE_SWIFT_ASSET_SYMBOL_EXTENSIONS = YES;
				CLANG_ANALYZER_NONNULL = YES;
				CLANG_ANALYZER_NUMBER_OBJECT_CONVERSION = YES_AGGRESSIVE;
				CLANG_CXX_LANGUAGE_STANDARD = "gnu++20";
				CLANG_ENABLE_MODULES = YES;
				CLANG_ENABLE_OBJC_ARC = YES;
				CLANG_ENABLE_OBJC_WEAK = YES;
				CLANG_WARN_BLOCK_CAPTURE_AUTORELEASING = YES;
				CLANG_WARN_BOOL_CONVERSION = YES;
				CLANG_WARN_COMMA = YES;
				CLANG_WARN_CONSTANT_CONVERSION = YES;
				CLANG_WARN_DEPRECATED_OBJC_IMPLEMENTATIONS = YES;
				CLANG_WARN_DIRECT_OBJC_ISA_USAGE = YES_ERROR;
				CLANG_WARN_DOCUMENTATION_COMMENTS = YES;
				CLANG_WARN_EMPTY_BODY = YES;
				CLANG_WARN_ENUM_CONVERSION = YES;
				CLANG_WARN_INFINITE_RECURSION = YES;
				CLANG_WARN_INT_CONVERSION = YES;
				CLANG_WARN_NON_LITERAL_NULL_CONVERSION = YES;
				CLANG_WARN_OBJC_IMPLICIT_RETAIN_SELF = YES;
				CLANG_WARN_OBJC_LITERAL_CONVERSION = YES;
				CLANG_WARN_OBJC_ROOT_CLASS = YES_ERROR;
				CLANG_WARN_QUOTED_INCLUDE_IN_FRAMEWORK_HEADER = YES;
				CLANG_WARN_RANGE_LOOP_ANALYSIS = YES;
				CLANG_WARN_STRICT_PROTOTYPES = YES;
				CLANG_WARN_SUSPICIOUS_MOVE = YES;
				CLANG_WARN_UNGUARDED_AVAILABILITY = YES_AGGRESSIVE;
				CLANG_WARN_UNREACHABLE_CODE = YES;
				CLANG_WARN__DUPLICATE_METHOD_MATCH = YES;
				COPY_PHASE_STRIP = NO;
				DEBUG_INFORMATION_FORMAT = "dwarf-with-dsym";
				ENABLE_NS_ASSERTIONS = NO;
				ENABLE_STRICT_OBJC_MSGSEND = YES;
				ENABLE_USER_SCRIPT_SANDBOXING = YES;
				GCC_C_LANGUAGE_STANDARD = gnu17;
				GCC_NO_COMMON_BLOCKS = YES;
				GCC_WARN_64_TO_32_BIT_CONVERSION = YES;
				GCC_WARN_ABOUT_RETURN_TYPE = YES_ERROR;
				GCC_WARN_UNDECLARED_SELECTOR = YES;
				GCC_WARN_UNINITIALIZED_AUTOS = YES_AGGRESSIVE;
				GCC_WARN_UNUSED_FUNCTION = YES;
				GCC_WARN_UNUSED_VARIABLE = YES;
				LOCALIZATION_PREFERS_STRING_CATALOGS = YES;
				MTL_ENABLE_DEBUG_INFO = NO;
				MTL_FAST_MATH = YES;
				SWIFT_COMPILATION_MODE = wholemodule;
			};
			name = Release;
		};
		53AB2F7B2B1F1752003B4CF6 /* Debug */ = {
			isa = XCBuildConfiguration;
			buildSettings = {
				ASSETCATALOG_COMPILER_APPICON_NAME = AppIcon;
				ASSETCATALOG_COMPILER_GLOBAL_ACCENT_COLOR_NAME = AccentColor;
				CODE_SIGN_STYLE = Automatic;
				CURRENT_PROJECT_VERSION = 1;
				DEVELOPMENT_ASSET_PATHS = "\"TheCats Watch App/Preview Content\"";
				DEVELOPMENT_TEAM = EJGCGKY84H;
				ENABLE_PREVIEWS = YES;
				GENERATE_INFOPLIST_FILE = YES;
				INFOPLIST_KEY_CFBundleDisplayName = TheCats;
				INFOPLIST_KEY_UISupportedInterfaceOrientations = "UIInterfaceOrientationPortrait UIInterfaceOrientationPortraitUpsideDown";
				INFOPLIST_KEY_WKWatchOnly = YES;
				LD_RUNPATH_SEARCH_PATHS = (
					"$(inherited)",
					"@executable_path/Frameworks",
				);
				MARKETING_VERSION = 1.0;
				PRODUCT_BUNDLE_IDENTIFIER = com.hidayatabisena.TheCats.watchkitapp;
				PRODUCT_NAME = "$(TARGET_NAME)";
				SDKROOT = watchos;
				SKIP_INSTALL = YES;
				SWIFT_EMIT_LOC_STRINGS = YES;
				SWIFT_VERSION = 5.0;
				TARGETED_DEVICE_FAMILY = 4;
				WATCHOS_DEPLOYMENT_TARGET = 10.0;
			};
			name = Debug;
		};
		53AB2F7C2B1F1752003B4CF6 /* Release */ = {
			isa = XCBuildConfiguration;
			buildSettings = {
				ASSETCATALOG_COMPILER_APPICON_NAME = AppIcon;
				ASSETCATALOG_COMPILER_GLOBAL_ACCENT_COLOR_NAME = AccentColor;
				CODE_SIGN_STYLE = Automatic;
				CURRENT_PROJECT_VERSION = 1;
				DEVELOPMENT_ASSET_PATHS = "\"TheCats Watch App/Preview Content\"";
				DEVELOPMENT_TEAM = EJGCGKY84H;
				ENABLE_PREVIEWS = YES;
				GENERATE_INFOPLIST_FILE = YES;
				INFOPLIST_KEY_CFBundleDisplayName = TheCats;
				INFOPLIST_KEY_UISupportedInterfaceOrientations = "UIInterfaceOrientationPortrait UIInterfaceOrientationPortraitUpsideDown";
				INFOPLIST_KEY_WKWatchOnly = YES;
				LD_RUNPATH_SEARCH_PATHS = (
					"$(inherited)",
					"@executable_path/Frameworks",
				);
				MARKETING_VERSION = 1.0;
				PRODUCT_BUNDLE_IDENTIFIER = com.hidayatabisena.TheCats.watchkitapp;
				PRODUCT_NAME = "$(TARGET_NAME)";
				SDKROOT = watchos;
				SKIP_INSTALL = YES;
				SWIFT_EMIT_LOC_STRINGS = YES;
				SWIFT_VERSION = 5.0;
				TARGETED_DEVICE_FAMILY = 4;
				VALIDATE_PRODUCT = YES;
				WATCHOS_DEPLOYMENT_TARGET = 10.0;
			};
			name = Release;
		};
		53AB2F7F2B1F1752003B4CF6 /* Debug */ = {
			isa = XCBuildConfiguration;
			buildSettings = {
				ALWAYS_EMBED_SWIFT_STANDARD_LIBRARIES = YES;
				CODE_SIGN_STYLE = Automatic;
				CURRENT_PROJECT_VERSION = 1;
				DEVELOPMENT_TEAM = EJGCGKY84H;
				INFOPLIST_KEY_CFBundleDisplayName = TheCats;
				MARKETING_VERSION = 1.0;
				PRODUCT_BUNDLE_IDENTIFIER = com.hidayatabisena.TheCats;
				PRODUCT_NAME = "$(TARGET_NAME)";
				SDKROOT = iphoneos;
				SWIFT_VERSION = 5.0;
			};
			name = Debug;
		};
		53AB2F802B1F1752003B4CF6 /* Release */ = {
			isa = XCBuildConfiguration;
			buildSettings = {
				ALWAYS_EMBED_SWIFT_STANDARD_LIBRARIES = YES;
				CODE_SIGN_STYLE = Automatic;
				CURRENT_PROJECT_VERSION = 1;
				DEVELOPMENT_TEAM = EJGCGKY84H;
				INFOPLIST_KEY_CFBundleDisplayName = TheCats;
				MARKETING_VERSION = 1.0;
				PRODUCT_BUNDLE_IDENTIFIER = com.hidayatabisena.TheCats;
				PRODUCT_NAME = "$(TARGET_NAME)";
				SDKROOT = iphoneos;
				SWIFT_VERSION = 5.0;
				VALIDATE_PRODUCT = YES;
			};
			name = Release;
		};
/* End XCBuildConfiguration section */

/* Begin XCConfigurationList section */
		53AB2F612B1F174F003B4CF6 /* Build configuration list for PBXProject "TheCats" */ = {
			isa = XCConfigurationList;
			buildConfigurations = (
				53AB2F782B1F1752003B4CF6 /* Debug */,
				53AB2F792B1F1752003B4CF6 /* Release */,
			);
			defaultConfigurationIsVisible = 0;
			defaultConfigurationName = Release;
		};
		53AB2F7A2B1F1752003B4CF6 /* Build configuration list for PBXNativeTarget "TheCats Watch App" */ = {
			isa = XCConfigurationList;
			buildConfigurations = (
				53AB2F7B2B1F1752003B4CF6 /* Debug */,
				53AB2F7C2B1F1752003B4CF6 /* Release */,
			);
			defaultConfigurationIsVisible = 0;
			defaultConfigurationName = Release;
		};
		53AB2F7E2B1F1752003B4CF6 /* Build configuration list for PBXNativeTarget "TheCats" */ = {
			isa = XCConfigurationList;
			buildConfigurations = (
				53AB2F7F2B1F1752003B4CF6 /* Debug */,
				53AB2F802B1F1752003B4CF6 /* Release */,
			);
			defaultConfigurationIsVisible = 0;
			defaultConfigurationName = Release;
		};
/* End XCConfigurationList section */
	};
	rootObject = 53AB2F5E2B1F174F003B4CF6 /* Project object */;
}
